{
  "name": "my-location-guide-workspace",
  "version": "1.0.0",
  "lockfileVersion": 3,
  "requires": true,
  "packages": {
    "": {
      "name": "my-location-guide-workspace",
      "version": "1.0.0",
      "devDependencies": {
        "vibe-diagnosis": "^1.0.6"
      }
    },
    "node_modules/vibe-diagnosis": {
      "version": "1.4.1",
      "resolved": "https://registry.npmjs.org/vibe-diagnosis/-/vibe-diagnosis-1.4.1.tgz",
      "integrity": "sha512-Ivdr0ckKS49X65IBmWWhhCdg2CgpsJCtG/otI7MU5F1eYPW91e3RDAoqtu7jfpOkef44iok0m5AI3ZPm6iJTEw==",
      "dev": true,
      "license": "Apache-2.0",
      "bin": {
        "vibe-diag": "bin/vibe-diag.js"
      },
      "engines": {
        "node": ">=18.0.0"
      }
    }
  }
}
